
Microsoft Visual Studio Solution File, Format Version 12.00
# Visual Studio Version 16
VisualStudioVersion = 16.0.29806.167
MinimumVisualStudioVersion = 10.0.40219.1
Project("{8BC9CEB8-8B4A-11D0-8D11-00A0C91BC942}") = "Space Shooter", "Space Shooter\Space Shooter.vcxproj", "{B2E873BA-5C2D-4253-896F-92B62C5C6958}"
EndProject
Global
	GlobalSection(SolutionConfigurationPlatforms) = preSolution
		Debug|x64 = Debug|x64
		Debug|x86 = Debug|x86
		Release|x64 = Release|x64
		Release|x86 = Release|x86
	EndGlobalSection
	GlobalSection(ProjectConfigurationPlatforms) = postSolution
		{B2E873BA-5C2D-4253-896F-92B62C5C6958}.Debug|x64.ActiveCfg = Debug|x64
		{B2E873BA-5C2D-4253-896F-92B62C5C6958}.Debug|x64.Build.0 = Debug|x64
		{B2E873BA-5C2D-4253-896F-92B62C5C6958}.Debug|x86.ActiveCfg = Debug|Win32
		{B2E873BA-5C2D-4253-896F-92B62C5C6958}.Debug|x86.Build.0 = Debug|Win32
		{B2E873BA-5C2D-4253-896F-92B62C5C6958}.Release|x64.ActiveCfg = Release|x64
		{B2E873BA-5C2D-4253-896F-92B62C5C6958}.Release|x64.Build.0 = Release|x64
		{B2E873BA-5C2D-4253-896F-92B62C5C6958}.Release|x86.ActiveCfg = Release|Win32
		{B2E873BA-5C2D-4253-896F-92B62C5C6958}.Release|x86.Build.0 = Release|Win32
	EndGlobalSection
	GlobalSection(SolutionProperties) = preSolution
		HideSolutionNode = FALSE
	EndGlobalSection
	GlobalSection(ExtensibilityGlobals) = postSolution
		SolutionGuid = {D7D7C5DF-BA95-48CB-A1B4-B42913C20B2A}
	EndGlobalSection
EndGlobal
